
Microsoft Visual Studio Solution File, Format Version 12.00
# Visual Studio Version 16
VisualStudioVersion = 25.0.1704.4
MinimumVisualStudioVersion = 10.0.40219.1
Project("{FAE04EC0-301F-11D3-BF4B-00C04F79EFBC}") = "binness-api", "binness-api\binness-api.csproj", "{29F8D4A0-7205-4C67-BAC8-DF1C12A1716B}"
EndProject
Global
	GlobalSection(SolutionConfigurationPlatforms) = preSolution
		Debug|Any CPU = Debug|Any CPU
		Release|Any CPU = Release|Any CPU
	EndGlobalSection
	GlobalSection(ProjectConfigurationPlatforms) = postSolution
		{29F8D4A0-7205-4C67-BAC8-DF1C12A1716B}.Debug|Any CPU.ActiveCfg = Debug|Any CPU
		{29F8D4A0-7205-4C67-BAC8-DF1C12A1716B}.Debug|Any CPU.Build.0 = Debug|Any CPU
		{29F8D4A0-7205-4C67-BAC8-DF1C12A1716B}.Release|Any CPU.ActiveCfg = Release|Any CPU
		{29F8D4A0-7205-4C67-BAC8-DF1C12A1716B}.Release|Any CPU.Build.0 = Release|Any CPU
	EndGlobalSection
	GlobalSection(SolutionProperties) = preSolution
		HideSolutionNode = FALSE
	EndGlobalSection
	GlobalSection(ExtensibilityGlobals) = postSolution
		SolutionGuid = {1DEE64A2-9857-4383-BE35-7071B1ED8B71}
	EndGlobalSection
EndGlobal
